
Microsoft Visual Studio Solution File, Format Version 12.00
# Visual Studio Express 2012 for Web
Project("{FAE04EC0-301F-11D3-BF4B-00C04F79EFBC}") = "GEOS2012", "GEOS2012\GEOS2012.csproj", "{16CBFDF6-B1BE-47F5-A16B-A9AC7BC4097B}"
EndProject
Global
	GlobalSection(SolutionConfigurationPlatforms) = preSolution
		Debug|Any CPU = Debug|Any CPU
		Release|Any CPU = Release|Any CPU
	EndGlobalSection
	GlobalSection(ProjectConfigurationPlatforms) = postSolution
		{16CBFDF6-B1BE-47F5-A16B-A9AC7BC4097B}.Debug|Any CPU.ActiveCfg = Debug|Any CPU
		{16CBFDF6-B1BE-47F5-A16B-A9AC7BC4097B}.Debug|Any CPU.Build.0 = Debug|Any CPU
		{16CBFDF6-B1BE-47F5-A16B-A9AC7BC4097B}.Release|Any CPU.ActiveCfg = Release|Any CPU
		{16CBFDF6-B1BE-47F5-A16B-A9AC7BC4097B}.Release|Any CPU.Build.0 = Release|Any CPU
	EndGlobalSection
	GlobalSection(SolutionProperties) = preSolution
		HideSolutionNode = FALSE
	EndGlobalSection
EndGlobal
